---
lockfileVersion: 1
lockfileVendor: redhat
arches:
- arch: s390x
  packages:
  - url: https://cdn-ubi.redhat.com/content/public/ubi/dist/ubi9/9/s390x/baseos/os/Packages/r/rsync-3.2.5-7.el9_8.2.s390x.rpm
    repoid: ubi-9-for-s390x-baseos-rpms
    size: 427539
    checksum: sha256:d85d04511788214c554ff3068632f9e0edb39c8e7544f0610927f79d76677182
    name: rsync
    evr: 3.2.5-7.el9_8.2
    sourcerpm: rsync-3.2.5-7.el9_8.2.src.rpm
  - url: https://cdn-ubi.redhat.com/content/public/ubi/dist/ubi9/9/s390x/baseos/os/Packages/t/tar-1.34-11.el9.s390x.rpm
    repoid: ubi-9-for-s390x-baseos-rpms
    size: 907745
    checksum: sha256:2eee88e1c470b033bd44432f4ed5b1a41ffc7132ebe51f8ce12fa9268314e841
    name: tar
    evr: 2:1.34-11.el9
    sourcerpm: tar-1.34-11.el9.src.rpm
  source:
  - url: https://cdn-ubi.redhat.com/content/public/ubi/dist/ubi9/9/s390x/baseos/source/SRPMS/Packages/r/rsync-3.2.5-7.el9_8.2.src.rpm
    repoid: ubi-9-for-s390x-baseos-source-rpms
    size: 1358189
    checksum: sha256:37d0ee99d570df9eadf8244580dc078258ae4c9833ca3458cb6dc5851a7c37ca
    name: rsync
    evr: 3.2.5-7.el9_8.2
  - url: https://cdn-ubi.redhat.com/content/public/ubi/dist/ubi9/9/s390x/baseos/source/SRPMS/Packages/t/tar-1.34-11.el9.src.rpm
    repoid: ubi-9-for-s390x-baseos-source-rpms
    size: 2294162
    checksum: sha256:13204f7499944b3fe773cbdf0b9bb2de31eaa9a4c69f31830fb9e54506bcb9b6
    name: tar
    evr: 2:1.34-11.el9
  module_metadata: []
- arch: x86_64
  packages:
  - url: https://cdn-ubi.redhat.com/content/public/ubi/dist/ubi9/9/x86_64/baseos/os/Packages/r/rsync-3.2.5-7.el9_8.2.x86_64.rpm
    repoid: ubi-9-for-x86_64-baseos-rpms
    size: 430699
    checksum: sha256:73c95e6404602b407a3cced5f1ae769a2c32b5b4ce9d646fc42617941863082c
    name: rsync
    evr: 3.2.5-7.el9_8.2
    sourcerpm: rsync-3.2.5-7.el9_8.2.src.rpm
  - url: https://cdn-ubi.redhat.com/content/public/ubi/dist/ubi9/9/x86_64/baseos/os/Packages/t/tar-1.34-11.el9.x86_64.rpm
    repoid: ubi-9-for-x86_64-baseos-rpms
    size: 913256
    checksum: sha256:58b622ab7bc225731a2473e677f16c9eb51b1ed218a86a7aa039a6fed665f245
    name: tar
    evr: 2:1.34-11.el9
    sourcerpm: tar-1.34-11.el9.src.rpm
  source:
  - url: https://cdn-ubi.redhat.com/content/public/ubi/dist/ubi9/9/x86_64/baseos/source/SRPMS/Packages/r/rsync-3.2.5-7.el9_8.2.src.rpm
    repoid: ubi-9-for-x86_64-baseos-source-rpms
    size: 1358189
    checksum: sha256:37d0ee99d570df9eadf8244580dc078258ae4c9833ca3458cb6dc5851a7c37ca
    name: rsync
    evr: 3.2.5-7.el9_8.2
  - url: https://cdn-ubi.redhat.com/content/public/ubi/dist/ubi9/9/x86_64/baseos/source/SRPMS/Packages/t/tar-1.34-11.el9.src.rpm
    repoid: ubi-9-for-x86_64-baseos-source-rpms
    size: 2294162
    checksum: sha256:13204f7499944b3fe773cbdf0b9bb2de31eaa9a4c69f31830fb9e54506bcb9b6
    name: tar
    evr: 2:1.34-11.el9
  module_metadata: []
