---
lockfileVersion: 1
lockfileVendor: redhat
arches:
- arch: s390x
  packages:
  - url: https://cdn-ubi.redhat.com/content/public/ubi/dist/ubi9/9/s390x/baseos/os/Packages/r/rsync-3.2.5-3.el9_7.2.s390x.rpm
    repoid: ubi-9-for-s390x-baseos-rpms
    size: 421587
    checksum: sha256:0de316c64f8546c2809d3d7ac732ba96bbeaad9b285a92c994c576adab21bab9
    name: rsync
    evr: 3.2.5-3.el9_7.2
    sourcerpm: rsync-3.2.5-3.el9_7.2.src.rpm
  - url: https://cdn-ubi.redhat.com/content/public/ubi/dist/ubi9/9/s390x/baseos/os/Packages/t/tar-1.34-9.el9_7.s390x.rpm
    repoid: ubi-9-for-s390x-baseos-rpms
    size: 900131
    checksum: sha256:ae335ed3e594cdb4123c6732c5dd9d4250050e96117e2593b31f8c4ee4ee2b8f
    name: tar
    evr: 2:1.34-9.el9_7
    sourcerpm: tar-1.34-9.el9_7.src.rpm
  source:
  - url: https://cdn-ubi.redhat.com/content/public/ubi/dist/ubi9/9/s390x/baseos/source/SRPMS/Packages/r/rsync-3.2.5-3.el9_7.2.src.rpm
    repoid: ubi-9-for-s390x-baseos-source-rpms
    size: 1311295
    checksum: sha256:a0b3038cb71a7ab8450ef8141f32e8d05b47e1f6d703a0b0e4b927ca4729d662
    name: rsync
    evr: 3.2.5-3.el9_7.2
  - url: https://cdn-ubi.redhat.com/content/public/ubi/dist/ubi9/9/s390x/baseos/source/SRPMS/Packages/t/tar-1.34-9.el9_7.src.rpm
    repoid: ubi-9-for-s390x-baseos-source-rpms
    size: 2282680
    checksum: sha256:9b84935c6072500fa28674521fe13816a8be44c50bb8eaf5ec73994782161250
    name: tar
    evr: 2:1.34-9.el9_7
  module_metadata: []
- arch: x86_64
  packages:
  - url: https://cdn-ubi.redhat.com/content/public/ubi/dist/ubi9/9/x86_64/baseos/os/Packages/r/rsync-3.2.5-3.el9_7.2.x86_64.rpm
    repoid: ubi-9-for-x86_64-baseos-rpms
    size: 424416
    checksum: sha256:8ee9ecceb953b6083284a9fb595fb1b98be7382e269ec9cfc7ecb1c9d27fbe5c
    name: rsync
    evr: 3.2.5-3.el9_7.2
    sourcerpm: rsync-3.2.5-3.el9_7.2.src.rpm
  - url: https://cdn-ubi.redhat.com/content/public/ubi/dist/ubi9/9/x86_64/baseos/os/Packages/t/tar-1.34-9.el9_7.x86_64.rpm
    repoid: ubi-9-for-x86_64-baseos-rpms
    size: 906521
    checksum: sha256:4c0beb933074a5254c297e8968b3f41ec5a02b23056997ddcf526fe7e6166482
    name: tar
    evr: 2:1.34-9.el9_7
    sourcerpm: tar-1.34-9.el9_7.src.rpm
  source:
  - url: https://cdn-ubi.redhat.com/content/public/ubi/dist/ubi9/9/x86_64/baseos/source/SRPMS/Packages/r/rsync-3.2.5-3.el9_7.2.src.rpm
    repoid: ubi-9-for-x86_64-baseos-source-rpms
    size: 1311295
    checksum: sha256:a0b3038cb71a7ab8450ef8141f32e8d05b47e1f6d703a0b0e4b927ca4729d662
    name: rsync
    evr: 3.2.5-3.el9_7.2
  - url: https://cdn-ubi.redhat.com/content/public/ubi/dist/ubi9/9/x86_64/baseos/source/SRPMS/Packages/t/tar-1.34-9.el9_7.src.rpm
    repoid: ubi-9-for-x86_64-baseos-source-rpms
    size: 2282680
    checksum: sha256:9b84935c6072500fa28674521fe13816a8be44c50bb8eaf5ec73994782161250
    name: tar
    evr: 2:1.34-9.el9_7
  module_metadata: []
